
Microsoft Visual Studio Solution File, Format Version 12.00
# Visual Studio Version 17
VisualStudioVersion = 17.3.32804.467
MinimumVisualStudioVersion = 10.0.40219.1
Project("{FAE04EC0-301F-11D3-BF4B-00C04F79EFBC}") = "Recapitulacao 1 exec 3", "Recapitulacao 1 exec 3\Recapitulacao 1 exec 3.csproj", "{74409F11-1B5A-426E-973A-5ABA55130A24}"
EndProject
Global
	GlobalSection(SolutionConfigurationPlatforms) = preSolution
		Debug|Any CPU = Debug|Any CPU
		Release|Any CPU = Release|Any CPU
	EndGlobalSection
	GlobalSection(ProjectConfigurationPlatforms) = postSolution
		{74409F11-1B5A-426E-973A-5ABA55130A24}.Debug|Any CPU.ActiveCfg = Debug|Any CPU
		{74409F11-1B5A-426E-973A-5ABA55130A24}.Debug|Any CPU.Build.0 = Debug|Any CPU
		{74409F11-1B5A-426E-973A-5ABA55130A24}.Release|Any CPU.ActiveCfg = Release|Any CPU
		{74409F11-1B5A-426E-973A-5ABA55130A24}.Release|Any CPU.Build.0 = Release|Any CPU
	EndGlobalSection
	GlobalSection(SolutionProperties) = preSolution
		HideSolutionNode = FALSE
	EndGlobalSection
	GlobalSection(ExtensibilityGlobals) = postSolution
		SolutionGuid = {46B486D0-C450-46B4-8008-6BEF6BA34B8A}
	EndGlobalSection
EndGlobal
